// !$*UTF8*$!
{
	archiveVersion = 1;
	classes = {
	};
	objectVersion = 55;
	objects = {

/* Begin PBXBuildFile section */
		579EB7D627303B41002A157C /* AppDelegate.swift in Sources */ = {isa = PBXBuildFile; fileRef = 579EB7D527303B41002A157C /* AppDelegate.swift */; };
		579EB7D827303B41002A157C /* SceneDelegate.swift in Sources */ = {isa = PBXBuildFile; fileRef = 579EB7D727303B41002A157C /* SceneDelegate.swift */; };
		579EB7DA27303B41002A157C /* ViewController.swift in Sources */ = {isa = PBXBuildFile; fileRef = 579EB7D927303B41002A157C /* ViewController.swift */; };
		579EB7DD27303B41002A157C /* Main.storyboard in Resources */ = {isa = PBXBuildFile; fileRef = 579EB7DB27303B41002A157C /* Main.storyboard */; };
		579EB7E027303B41002A157C /* BlogMobile.xcdatamodeld in Sources */ = {isa = PBXBuildFile; fileRef = 579EB7DE27303B41002A157C /* BlogMobile.xcdatamodeld */; };
		579EB7E227303B43002A157C /* Assets.xcassets in Resources */ = {isa = PBXBuildFile; fileRef = 579EB7E127303B43002A157C /* Assets.xcassets */; };
		579EB7E527303B43002A157C /* LaunchScreen.storyboard in Resources */ = {isa = PBXBuildFile; fileRef = 579EB7E327303B43002A157C /* LaunchScreen.storyboard */; };
		579EB7EE2731114B002A157C /* NoticeBoard.swift in Sources */ = {isa = PBXBuildFile; fileRef = 579EB7ED2731114B002A157C /* NoticeBoard.swift */; };
		579EB7F027311167002A157C /* User.swift in Sources */ = {isa = PBXBuildFile; fileRef = 579EB7EF27311167002A157C /* User.swift */; };
/* End PBXBuildFile section */

/* Begin PBXFileReference section */
		579EB7D227303B41002A157C /* BlogMobile.app */ = {isa = PBXFileReference; explicitFileType = wrapper.application; includeInIndex = 0; path = BlogMobile.app; sourceTree = BUILT_PRODUCTS_DIR; };
		579EB7D527303B41002A157C /* AppDelegate.swift */ = {isa = PBXFileReference; lastKnownFileType = sourcecode.swift; path = AppDelegate.swift; sourceTree = "<group>"; };
		579EB7D727303B41002A157C /* SceneDelegate.swift */ = {isa = PBXFileReference; lastKnownFileType = sourcecode.swift; path = SceneDelegate.swift; sourceTree = "<group>"; };
		579EB7D927303B41002A157C /* ViewController.swift */ = {isa = PBXFileReference; lastKnownFileType = sourcecode.swift; path = ViewController.swift; sourceTree = "<group>"; };
		579EB7DC27303B41002A157C /* Base */ = {isa = PBXFileReference; lastKnownFileType = file.storyboard; name = Base; path = Base.lproj/Main.storyboard; sourceTree = "<group>"; };
		579EB7DF27303B41002A157C /* BlogMobile.xcdatamodel */ = {isa = PBXFileReference; lastKnownFileType = wrapper.xcdatamodel; path = BlogMobile.xcdatamodel; sourceTree = "<group>"; };
		579EB7E127303B43002A157C /* Assets.xcassets */ = {isa = PBXFileReference; lastKnownFileType = folder.assetcatalog; path = Assets.xcassets; sourceTree = "<group>"; };
		579EB7E427303B43002A157C /* Base */ = {isa = PBXFileReference; lastKnownFileType = file.storyboard; name = Base; path = Base.lproj/LaunchScreen.storyboard; sourceTree = "<group>"; };
		579EB7E627303B43002A157C /* Info.plist */ = {isa = PBXFileReference; lastKnownFileType = text.plist.xml; path = Info.plist; sourceTree = "<group>"; };
		579EB7ED2731114B002A157C /* NoticeBoard.swift */ = {isa = PBXFileReference; lastKnownFileType = sourcecode.swift; path = NoticeBoard.swift; sourceTree = "<group>"; };
		579EB7EF27311167002A157C /* User.swift */ = {isa = PBXFileReference; lastKnownFileType = sourcecode.swift; path = User.swift; sourceTree = "<group>"; };
/* End PBXFileReference section */

/* Begin PBXFrameworksBuildPhase section */
		579EB7CF27303B41002A157C /* Frameworks */ = {
			isa = PBXFrameworksBuildPhase;
			buildActionMask = 2147483647;
			files = (
			);
			runOnlyForDeploymentPostprocessing = 0;
		};
/* End PBXFrameworksBuildPhase section */

/* Begin PBXGroup section */
		579EB7C927303B41002A157C = {
			isa = PBXGroup;
			children = (
				579EB7D427303B41002A157C /* BlogMobile */,
				579EB7D327303B41002A157C /* Products */,
			);
			sourceTree = "<group>";
		};
		579EB7D327303B41002A157C /* Products */ = {
			isa = PBXGroup;
			children = (
				579EB7D227303B41002A157C /* BlogMobile.app */,
			);
			name = Products;
			sourceTree = "<group>";
		};
		579EB7D427303B41002A157C /* BlogMobile */ = {
			isa = PBXGroup;
			children = (
				579EB7EC27311082002A157C /* Models */,
				579EB7D527303B41002A157C /* AppDelegate.swift */,
				579EB7D727303B41002A157C /* SceneDelegate.swift */,
				579EB7D927303B41002A157C /* ViewController.swift */,
				579EB7DB27303B41002A157C /* Main.storyboard */,
				579EB7E127303B43002A157C /* Assets.xcassets */,
				579EB7E327303B43002A157C /* LaunchScreen.storyboard */,
				579EB7E627303B43002A157C /* Info.plist */,
				579EB7DE27303B41002A157C /* BlogMobile.xcdatamodeld */,
			);
			path = BlogMobile;
			sourceTree = "<group>";
		};
		579EB7EC27311082002A157C /* Models */ = {
			isa = PBXGroup;
			children = (
				579EB7ED2731114B002A157C /* NoticeBoard.swift */,
				579EB7EF27311167002A157C /* User.swift */,
			);
			path = Models;
			sourceTree = "<group>";
		};
/* End PBXGroup section */

/* Begin PBXNativeTarget section */
		579EB7D127303B41002A157C /* BlogMobile */ = {
			isa = PBXNativeTarget;
			buildConfigurationList = 579EB7E927303B43002A157C /* Build configuration list for PBXNativeTarget "BlogMobile" */;
			buildPhases = (
				579EB7CE27303B41002A157C /* Sources */,
				579EB7CF27303B41002A157C /* Frameworks */,
				579EB7D027303B41002A157C /* Resources */,
			);
			buildRules = (
			);
			dependencies = (
			);
			name = BlogMobile;
			productName = BlogMobile;
			productReference = 579EB7D227303B41002A157C /* BlogMobile.app */;
			productType = "com.apple.product-type.application";
		};
/* End PBXNativeTarget section */

/* Begin PBXProject section */
		579EB7CA27303B41002A157C /* Project object */ = {
			isa = PBXProject;
			attributes = {
				BuildIndependentTargetsInParallel = 1;
				LastSwiftUpdateCheck = 1310;
				LastUpgradeCheck = 1310;
				TargetAttributes = {
					579EB7D127303B41002A157C = {
						CreatedOnToolsVersion = 13.1;
					};
				};
			};
			buildConfigurationList = 579EB7CD27303B41002A157C /* Build configuration list for PBXProject "BlogMobile" */;
			compatibilityVersion = "Xcode 13.0";
			developmentRegion = en;
			hasScannedForEncodings = 0;
			knownRegions = (
				en,
				Base,
			);
			mainGroup = 579EB7C927303B41002A157C;
			productRefGroup = 579EB7D327303B41002A157C /* Products */;
			projectDirPath = "";
			projectRoot = "";
			targets = (
				579EB7D127303B41002A157C /* BlogMobile */,
			);
		};
/* End PBXProject section */

/* Begin PBXResourcesBuildPhase section */
		579EB7D027303B41002A157C /* Resources */ = {
			isa = PBXResourcesBuildPhase;
			buildActionMask = 2147483647;
			files = (
				579EB7E527303B43002A157C /* LaunchScreen.storyboard in Resources */,
				579EB7E227303B43002A157C /* Assets.xcassets in Resources */,
				579EB7DD27303B41002A157C /* Main.storyboard in Resources */,
			);
			runOnlyForDeploymentPostprocessing = 0;
		};
/* End PBXResourcesBuildPhase section */

/* Begin PBXSourcesBuildPhase section */
		579EB7CE27303B41002A157C /* Sources */ = {
			isa = PBXSourcesBuildPhase;
			buildActionMask = 2147483647;
			files = (
				579EB7DA27303B41002A157C /* ViewController.swift in Sources */,
				579EB7D627303B41002A157C /* AppDelegate.swift in Sources */,
				579EB7F027311167002A157C /* User.swift in Sources */,
				579EB7D827303B41002A157C /* SceneDelegate.swift in Sources */,
				579EB7E027303B41002A157C /* BlogMobile.xcdatamodeld in Sources */,
				579EB7EE2731114B002A157C /* NoticeBoard.swift in Sources */,
			);
			runOnlyForDeploymentPostprocessing = 0;
		};
/* End PBXSourcesBuildPhase section */

/* Begin PBXVariantGroup section */
		579EB7DB27303B41002A157C /* Main.storyboard */ = {
			isa = PBXVariantGroup;
			children = (
				579EB7DC27303B41002A157C /* Base */,
			);
			name = Main.storyboard;
			sourceTree = "<group>";
		};
		579EB7E327303B43002A157C /* LaunchScreen.storyboard */ = {
			isa = PBXVariantGroup;
			children = (
				579EB7E427303B43002A157C /* Base */,
			);
			name = LaunchScreen.storyboard;
			sourceTree = "<group>";
		};
/* End PBXVariantGroup section */

/* Begin XCBuildConfiguration section */
		579EB7E727303B43002A157C /* Debug */ = {
			isa = XCBuildConfiguration;
			buildSettings = {
				ALWAYS_SEARCH_USER_PATHS = NO;
				CLANG_ANALYZER_NONNULL = YES;
				CLANG_ANALYZER_NUMBER_OBJECT_CONVERSION = YES_AGGRESSIVE;
				CLANG_CXX_LANGUAGE_STANDARD = "gnu++17";
				CLANG_CXX_LIBRARY = "libc++";
				CLANG_ENABLE_MODULES = YES;
				CLANG_ENABLE_OBJC_ARC = YES;
				CLANG_ENABLE_OBJC_WEAK = YES;
				CLANG_WARN_BLOCK_CAPTURE_AUTORELEASING = YES;
				CLANG_WARN_BOOL_CONVERSION = YES;
				CLANG_WARN_COMMA = YES;
				CLANG_WARN_CONSTANT_CONVERSION = YES;
				CLANG_WARN_DEPRECATED_OBJC_IMPLEMENTATIONS = YES;
				CLANG_WARN_DIRECT_OBJC_ISA_USAGE = YES_ERROR;
				CLANG_WARN_DOCUMENTATION_COMMENTS = YES;
				CLANG_WARN_EMPTY_BODY = YES;
				CLANG_WARN_ENUM_CONVERSION = YES;
				CLANG_WARN_INFINITE_RECURSION = YES;
				CLANG_WARN_INT_CONVERSION = YES;
				CLANG_WARN_NON_LITERAL_NULL_CONVERSION = YES;
				CLANG_WARN_OBJC_IMPLICIT_RETAIN_SELF = YES;
				CLANG_WARN_OBJC_LITERAL_CONVERSION = YES;
				CLANG_WARN_OBJC_ROOT_CLASS = YES_ERROR;
				CLANG_WARN_QUOTED_INCLUDE_IN_FRAMEWORK_HEADER = YES;
				CLANG_WARN_RANGE_LOOP_ANALYSIS = YES;
				CLANG_WARN_STRICT_PROTOTYPES = YES;
				CLANG_WARN_SUSPICIOUS_MOVE = YES;
				CLANG_WARN_UNGUARDED_AVAILABILITY = YES_AGGRESSIVE;
				CLANG_WARN_UNREACHABLE_CODE = YES;
				CLANG_WARN__DUPLICATE_METHOD_MATCH = YES;
				COPY_PHASE_STRIP = NO;
				DEBUG_INFORMATION_FORMAT = dwarf;
				ENABLE_STRICT_OBJC_MSGSEND = YES;
				ENABLE_TESTABILITY = YES;
				GCC_C_LANGUAGE_STANDARD = gnu11;
				GCC_DYNAMIC_NO_PIC = NO;
				GCC_NO_COMMON_BLOCKS = YES;
				GCC_OPTIMIZATION_LEVEL = 0;
				GCC_PREPROCESSOR_DEFINITIONS = (
					"DEBUG=1",
					"$(inherited)",
				);
				GCC_WARN_64_TO_32_BIT_CONVERSION = YES;
				GCC_WARN_ABOUT_RETURN_TYPE = YES_ERROR;
				GCC_WARN_UNDECLARED_SELECTOR = YES;
				GCC_WARN_UNINITIALIZED_AUTOS = YES_AGGRESSIVE;
				GCC_WARN_UNUSED_FUNCTION = YES;
				GCC_WARN_UNUSED_VARIABLE = YES;
				IPHONEOS_DEPLOYMENT_TARGET = 15.0;
				MTL_ENABLE_DEBUG_INFO = INCLUDE_SOURCE;
				MTL_FAST_MATH = YES;
				ONLY_ACTIVE_ARCH = YES;
				SDKROOT = iphoneos;
				SWIFT_ACTIVE_COMPILATION_CONDITIONS = DEBUG;
				SWIFT_OPTIMIZATION_LEVEL = "-Onone";
			};
			name = Debug;
		};
		579EB7E827303B43002A157C /* Release */ = {
			isa = XCBuildConfiguration;
			buildSettings = {
				ALWAYS_SEARCH_USER_PATHS = NO;
				CLANG_ANALYZER_NONNULL = YES;
				CLANG_ANALYZER_NUMBER_OBJECT_CONVERSION = YES_AGGRESSIVE;
				CLANG_CXX_LANGUAGE_STANDARD = "gnu++17";
				CLANG_CXX_LIBRARY = "libc++";
				CLANG_ENABLE_MODULES = YES;
				CLANG_ENABLE_OBJC_ARC = YES;
				CLANG_ENABLE_OBJC_WEAK = YES;
				CLANG_WARN_BLOCK_CAPTURE_AUTORELEASING = YES;
				CLANG_WARN_BOOL_CONVERSION = YES;
				CLANG_WARN_COMMA = YES;
				CLANG_WARN_CONSTANT_CONVERSION = YES;
				CLANG_WARN_DEPRECATED_OBJC_IMPLEMENTATIONS = YES;
				CLANG_WARN_DIRECT_OBJC_ISA_USAGE = YES_ERROR;
				CLANG_WARN_DOCUMENTATION_COMMENTS = YES;
				CLANG_WARN_EMPTY_BODY = YES;
				CLANG_WARN_ENUM_CONVERSION = YES;
				CLANG_WARN_INFINITE_RECURSION = YES;
				CLANG_WARN_INT_CONVERSION = YES;
				CLANG_WARN_NON_LITERAL_NULL_CONVERSION = YES;
				CLANG_WARN_OBJC_IMPLICIT_RETAIN_SELF = YES;
				CLANG_WARN_OBJC_LITERAL_CONVERSION = YES;
				CLANG_WARN_OBJC_ROOT_CLASS = YES_ERROR;
				CLANG_WARN_QUOTED_INCLUDE_IN_FRAMEWORK_HEADER = YES;
				CLANG_WARN_RANGE_LOOP_ANALYSIS = YES;
				CLANG_WARN_STRICT_PROTOTYPES = YES;
				CLANG_WARN_SUSPICIOUS_MOVE = YES;
				CLANG_WARN_UNGUARDED_AVAILABILITY = YES_AGGRESSIVE;
				CLANG_WARN_UNREACHABLE_CODE = YES;
				CLANG_WARN__DUPLICATE_METHOD_MATCH = YES;
				COPY_PHASE_STRIP = NO;
				DEBUG_INFORMATION_FORMAT = "dwarf-with-dsym";
				ENABLE_NS_ASSERTIONS = NO;
				ENABLE_STRICT_OBJC_MSGSEND = YES;
				GCC_C_LANGUAGE_STANDARD = gnu11;
				GCC_NO_COMMON_BLOCKS = YES;
				GCC_WARN_64_TO_32_BIT_CONVERSION = YES;
				GCC_WARN_ABOUT_RETURN_TYPE = YES_ERROR;
				GCC_WARN_UNDECLARED_SELECTOR = YES;
				GCC_WARN_UNINITIALIZED_AUTOS = YES_AGGRESSIVE;
				GCC_WARN_UNUSED_FUNCTION = YES;
				GCC_WARN_UNUSED_VARIABLE = YES;
				IPHONEOS_DEPLOYMENT_TARGET = 15.0;
				MTL_ENABLE_DEBUG_INFO = NO;
				MTL_FAST_MATH = YES;
				SDKROOT = iphoneos;
				SWIFT_COMPILATION_MODE = wholemodule;
				SWIFT_OPTIMIZATION_LEVEL = "-O";
				VALIDATE_PRODUCT = YES;
			};
			name = Release;
		};
		579EB7EA27303B43002A157C /* Debug */ = {
			isa = XCBuildConfiguration;
			buildSettings = {
				ASSETCATALOG_COMPILER_APPICON_NAME = AppIcon;
				ASSETCATALOG_COMPILER_GLOBAL_ACCENT_COLOR_NAME = AccentColor;
				CODE_SIGN_STYLE = Automatic;
				CURRENT_PROJECT_VERSION = 1;
				DEVELOPMENT_TEAM = SF6SBNPMLX;
				GENERATE_INFOPLIST_FILE = YES;
				INFOPLIST_FILE = BlogMobile/Info.plist;
				INFOPLIST_KEY_UIApplicationSupportsIndirectInputEvents = YES;
				INFOPLIST_KEY_UILaunchStoryboardName = LaunchScreen;
				INFOPLIST_KEY_UIMainStoryboardFile = Main;
				INFOPLIST_KEY_UISupportedInterfaceOrientations_iPad = "UIInterfaceOrientationPortrait UIInterfaceOrientationPortraitUpsideDown UIInterfaceOrientationLandscapeLeft UIInterfaceOrientationLandscapeRight";
				INFOPLIST_KEY_UISupportedInterfaceOrientations_iPhone = "UIInterfaceOrientationPortrait UIInterfaceOrientationLandscapeLeft UIInterfaceOrientationLandscapeRight";
				IPHONEOS_DEPLOYMENT_TARGET = 13.0;
				LD_RUNPATH_SEARCH_PATHS = (
					"$(inherited)",
					"@executable_path/Frameworks",
				);
				MARKETING_VERSION = 1.0;
				PRODUCT_BUNDLE_IDENTIFIER = com.geonhyeongkim.BlogMobile;
				PRODUCT_NAME = "$(TARGET_NAME)";
				SWIFT_EMIT_LOC_STRINGS = YES;
				SWIFT_VERSION = 5.0;
				TARGETED_DEVICE_FAMILY = "1,2";
			};
			name = Debug;
		};
		579EB7EB27303B43002A157C /* Release */ = {
			isa = XCBuildConfiguration;
			buildSettings = {
				ASSETCATALOG_COMPILER_APPICON_NAME = AppIcon;
				ASSETCATALOG_COMPILER_GLOBAL_ACCENT_COLOR_NAME = AccentColor;
				CODE_SIGN_STYLE = Automatic;
				CURRENT_PROJECT_VERSION = 1;
				DEVELOPMENT_TEAM = SF6SBNPMLX;
				GENERATE_INFOPLIST_FILE = YES;
				INFOPLIST_FILE = BlogMobile/Info.plist;
				INFOPLIST_KEY_UIApplicationSupportsIndirectInputEvents = YES;
				INFOPLIST_KEY_UILaunchStoryboardName = LaunchScreen;
				INFOPLIST_KEY_UIMainStoryboardFile = Main;
				INFOPLIST_KEY_UISupportedInterfaceOrientations_iPad = "UIInterfaceOrientationPortrait UIInterfaceOrientationPortraitUpsideDown UIInterfaceOrientationLandscapeLeft UIInterfaceOrientationLandscapeRight";
				INFOPLIST_KEY_UISupportedInterfaceOrientations_iPhone = "UIInterfaceOrientationPortrait UIInterfaceOrientationLandscapeLeft UIInterfaceOrientationLandscapeRight";
				IPHONEOS_DEPLOYMENT_TARGET = 13.0;
				LD_RUNPATH_SEARCH_PATHS = (
					"$(inherited)",
					"@executable_path/Frameworks",
				);
				MARKETING_VERSION = 1.0;
				PRODUCT_BUNDLE_IDENTIFIER = com.geonhyeongkim.BlogMobile;
				PRODUCT_NAME = "$(TARGET_NAME)";
				SWIFT_EMIT_LOC_STRINGS = YES;
				SWIFT_VERSION = 5.0;
				TARGETED_DEVICE_FAMILY = "1,2";
			};
			name = Release;
		};
/* End XCBuildConfiguration section */

/* Begin XCConfigurationList section */
		579EB7CD27303B41002A157C /* Build configuration list for PBXProject "BlogMobile" */ = {
			isa = XCConfigurationList;
			buildConfigurations = (
				579EB7E727303B43002A157C /* Debug */,
				579EB7E827303B43002A157C /* Release */,
			);
			defaultConfigurationIsVisible = 0;
			defaultConfigurationName = Release;
		};
		579EB7E927303B43002A157C /* Build configuration list for PBXNativeTarget "BlogMobile" */ = {
			isa = XCConfigurationList;
			buildConfigurations = (
				579EB7EA27303B43002A157C /* Debug */,
				579EB7EB27303B43002A157C /* Release */,
			);
			defaultConfigurationIsVisible = 0;
			defaultConfigurationName = Release;
		};
/* End XCConfigurationList section */

/* Begin XCVersionGroup section */
		579EB7DE27303B41002A157C /* BlogMobile.xcdatamodeld */ = {
			isa = XCVersionGroup;
			children = (
				579EB7DF27303B41002A157C /* BlogMobile.xcdatamodel */,
			);
			currentVersion = 579EB7DF27303B41002A157C /* BlogMobile.xcdatamodel */;
			path = BlogMobile.xcdatamodeld;
			sourceTree = "<group>";
			versionGroupType = wrapper.xcdatamodel;
		};
/* End XCVersionGroup section */
	};
	rootObject = 579EB7CA27303B41002A157C /* Project object */;
}
